
Microsoft Visual Studio Solution File, Format Version 11.00
# Visual Studio 2010
Project("{FAE04EC0-301F-11D3-BF4B-00C04F79EFBC}") = "CapaPresentacion", "CapaPresentacion\CapaPresentacion.csproj", "{94DE4C51-2353-4169-A038-420F3CDEF340}"
EndProject
Project("{FAE04EC0-301F-11D3-BF4B-00C04F79EFBC}") = "CapaDatos", "CapaDatos\CapaDatos.csproj", "{0A827A0C-C623-4B9E-B7C9-343F7F5A8A51}"
EndProject
Project("{FAE04EC0-301F-11D3-BF4B-00C04F79EFBC}") = "CapaEntidad", "CapaEntidad\CapaEntidad.csproj", "{B38CF0FE-254A-454B-AD76-C1F8D5FF57ED}"
EndProject
Project("{FAE04EC0-301F-11D3-BF4B-00C04F79EFBC}") = "CapaNegocio", "CapaNegocio\CapaNegocio.csproj", "{36A1196A-628E-42B4-952D-A77016EB8951}"
EndProject
Global
	GlobalSection(SolutionConfigurationPlatforms) = preSolution
		Debug|Any CPU = Debug|Any CPU
		Debug|Mixed Platforms = Debug|Mixed Platforms
		Debug|x86 = Debug|x86
		Release|Any CPU = Release|Any CPU
		Release|Mixed Platforms = Release|Mixed Platforms
		Release|x86 = Release|x86
	EndGlobalSection
	GlobalSection(ProjectConfigurationPlatforms) = postSolution
		{94DE4C51-2353-4169-A038-420F3CDEF340}.Debug|Any CPU.ActiveCfg = Debug|x86
		{94DE4C51-2353-4169-A038-420F3CDEF340}.Debug|Mixed Platforms.ActiveCfg = Debug|x86
		{94DE4C51-2353-4169-A038-420F3CDEF340}.Debug|Mixed Platforms.Build.0 = Debug|x86
		{94DE4C51-2353-4169-A038-420F3CDEF340}.Debug|x86.ActiveCfg = Debug|x86
		{94DE4C51-2353-4169-A038-420F3CDEF340}.Debug|x86.Build.0 = Debug|x86
		{94DE4C51-2353-4169-A038-420F3CDEF340}.Release|Any CPU.ActiveCfg = Release|x86
		{94DE4C51-2353-4169-A038-420F3CDEF340}.Release|Mixed Platforms.ActiveCfg = Release|x86
		{94DE4C51-2353-4169-A038-420F3CDEF340}.Release|Mixed Platforms.Build.0 = Release|x86
		{94DE4C51-2353-4169-A038-420F3CDEF340}.Release|x86.ActiveCfg = Release|x86
		{94DE4C51-2353-4169-A038-420F3CDEF340}.Release|x86.Build.0 = Release|x86
		{0A827A0C-C623-4B9E-B7C9-343F7F5A8A51}.Debug|Any CPU.ActiveCfg = Debug|Any CPU
		{0A827A0C-C623-4B9E-B7C9-343F7F5A8A51}.Debug|Any CPU.Build.0 = Debug|Any CPU
		{0A827A0C-C623-4B9E-B7C9-343F7F5A8A51}.Debug|Mixed Platforms.ActiveCfg = Debug|Any CPU
		{0A827A0C-C623-4B9E-B7C9-343F7F5A8A51}.Debug|Mixed Platforms.Build.0 = Debug|Any CPU
		{0A827A0C-C623-4B9E-B7C9-343F7F5A8A51}.Debug|x86.ActiveCfg = Debug|Any CPU
		{0A827A0C-C623-4B9E-B7C9-343F7F5A8A51}.Release|Any CPU.ActiveCfg = Release|Any CPU
		{0A827A0C-C623-4B9E-B7C9-343F7F5A8A51}.Release|Any CPU.Build.0 = Release|Any CPU
		{0A827A0C-C623-4B9E-B7C9-343F7F5A8A51}.Release|Mixed Platforms.ActiveCfg = Release|Any CPU
		{0A827A0C-C623-4B9E-B7C9-343F7F5A8A51}.Release|Mixed Platforms.Build.0 = Release|Any CPU
		{0A827A0C-C623-4B9E-B7C9-343F7F5A8A51}.Release|x86.ActiveCfg = Release|Any CPU
		{B38CF0FE-254A-454B-AD76-C1F8D5FF57ED}.Debug|Any CPU.ActiveCfg = Debug|Any CPU
		{B38CF0FE-254A-454B-AD76-C1F8D5FF57ED}.Debug|Any CPU.Build.0 = Debug|Any CPU
		{B38CF0FE-254A-454B-AD76-C1F8D5FF57ED}.Debug|Mixed Platforms.ActiveCfg = Debug|Any CPU
		{B38CF0FE-254A-454B-AD76-C1F8D5FF57ED}.Debug|Mixed Platforms.Build.0 = Debug|Any CPU
		{B38CF0FE-254A-454B-AD76-C1F8D5FF57ED}.Debug|x86.ActiveCfg = Debug|Any CPU
		{B38CF0FE-254A-454B-AD76-C1F8D5FF57ED}.Release|Any CPU.ActiveCfg = Release|Any CPU
		{B38CF0FE-254A-454B-AD76-C1F8D5FF57ED}.Release|Any CPU.Build.0 = Release|Any CPU
		{B38CF0FE-254A-454B-AD76-C1F8D5FF57ED}.Release|Mixed Platforms.ActiveCfg = Release|Any CPU
		{B38CF0FE-254A-454B-AD76-C1F8D5FF57ED}.Release|Mixed Platforms.Build.0 = Release|Any CPU
		{B38CF0FE-254A-454B-AD76-C1F8D5FF57ED}.Release|x86.ActiveCfg = Release|Any CPU
		{36A1196A-628E-42B4-952D-A77016EB8951}.Debug|Any CPU.ActiveCfg = Debug|Any CPU
		{36A1196A-628E-42B4-952D-A77016EB8951}.Debug|Any CPU.Build.0 = Debug|Any CPU
		{36A1196A-628E-42B4-952D-A77016EB8951}.Debug|Mixed Platforms.ActiveCfg = Debug|Any CPU
		{36A1196A-628E-42B4-952D-A77016EB8951}.Debug|Mixed Platforms.Build.0 = Debug|Any CPU
		{36A1196A-628E-42B4-952D-A77016EB8951}.Debug|x86.ActiveCfg = Debug|Any CPU
		{36A1196A-628E-42B4-952D-A77016EB8951}.Release|Any CPU.ActiveCfg = Release|Any CPU
		{36A1196A-628E-42B4-952D-A77016EB8951}.Release|Any CPU.Build.0 = Release|Any CPU
		{36A1196A-628E-42B4-952D-A77016EB8951}.Release|Mixed Platforms.ActiveCfg = Release|Any CPU
		{36A1196A-628E-42B4-952D-A77016EB8951}.Release|Mixed Platforms.Build.0 = Release|Any CPU
		{36A1196A-628E-42B4-952D-A77016EB8951}.Release|x86.ActiveCfg = Release|Any CPU
	EndGlobalSection
	GlobalSection(SolutionProperties) = preSolution
		HideSolutionNode = FALSE
	EndGlobalSection
EndGlobal
